
Microsoft Visual Studio Solution File, Format Version 12.00
# Visual Studio Version 16
VisualStudioVersion = 16.0.30711.63
MinimumVisualStudioVersion = 10.0.40219.1
Project("{8BC9CEB8-8B4A-11D0-8D11-00A0C91BC942}") = "Logger", "Logger.vcxproj", "{393B34C5-CAE1-4368-B4BC-FAB8E515A1C0}"
EndProject
Global
	GlobalSection(SolutionConfigurationPlatforms) = preSolution
		Debug|x64 = Debug|x64
		Debug|x86 = Debug|x86
		Release|x64 = Release|x64
		Release|x86 = Release|x86
	EndGlobalSection
	GlobalSection(ProjectConfigurationPlatforms) = postSolution
		{393B34C5-CAE1-4368-B4BC-FAB8E515A1C0}.Debug|x64.ActiveCfg = Debug|x64
		{393B34C5-CAE1-4368-B4BC-FAB8E515A1C0}.Debug|x64.Build.0 = Debug|x64
		{393B34C5-CAE1-4368-B4BC-FAB8E515A1C0}.Debug|x86.ActiveCfg = Debug|Win32
		{393B34C5-CAE1-4368-B4BC-FAB8E515A1C0}.Debug|x86.Build.0 = Debug|Win32
		{393B34C5-CAE1-4368-B4BC-FAB8E515A1C0}.Release|x64.ActiveCfg = Release|x64
		{393B34C5-CAE1-4368-B4BC-FAB8E515A1C0}.Release|x64.Build.0 = Release|x64
		{393B34C5-CAE1-4368-B4BC-FAB8E515A1C0}.Release|x86.ActiveCfg = Release|Win32
		{393B34C5-CAE1-4368-B4BC-FAB8E515A1C0}.Release|x86.Build.0 = Release|Win32
	EndGlobalSection
	GlobalSection(SolutionProperties) = preSolution
		HideSolutionNode = FALSE
	EndGlobalSection
	GlobalSection(ExtensibilityGlobals) = postSolution
		SolutionGuid = {AA396711-C0ED-4B0A-98CF-786A7ABC156D}
	EndGlobalSection
EndGlobal
